
Microsoft Visual Studio Solution File, Format Version 12.00
# Visual Studio Version 16
VisualStudioVersion = 16.0.29306.81
MinimumVisualStudioVersion = 10.0.40219.1
Project("{FAE04EC0-301F-11D3-BF4B-00C04F79EFBC}") = "PrytkinLaba1", "WindowsFormsApp1\PrytkinLaba1.csproj", "{AF042D8E-6894-43A5-8C0C-1EDF73E92E0C}"
EndProject
Global
	GlobalSection(SolutionConfigurationPlatforms) = preSolution
		Debug|Any CPU = Debug|Any CPU
		Release|Any CPU = Release|Any CPU
	EndGlobalSection
	GlobalSection(ProjectConfigurationPlatforms) = postSolution
		{AF042D8E-6894-43A5-8C0C-1EDF73E92E0C}.Debug|Any CPU.ActiveCfg = Debug|Any CPU
		{AF042D8E-6894-43A5-8C0C-1EDF73E92E0C}.Debug|Any CPU.Build.0 = Debug|Any CPU
		{AF042D8E-6894-43A5-8C0C-1EDF73E92E0C}.Release|Any CPU.ActiveCfg = Release|Any CPU
		{AF042D8E-6894-43A5-8C0C-1EDF73E92E0C}.Release|Any CPU.Build.0 = Release|Any CPU
	EndGlobalSection
	GlobalSection(SolutionProperties) = preSolution
		HideSolutionNode = FALSE
	EndGlobalSection
	GlobalSection(ExtensibilityGlobals) = postSolution
		SolutionGuid = {C5BCBDF9-6B04-4C7D-B61F-96E0BDD9A421}
	EndGlobalSection
EndGlobal
